
Microsoft Visual Studio Solution File, Format Version 12.00
# Visual Studio Version 17
VisualStudioVersion = 17.8.34525.116
MinimumVisualStudioVersion = 10.0.40219.1
Project("{9A19103F-16F7-4668-BE54-9A1E7A4F7556}") = "BookManager", "BookManager\BookManager.csproj", "{BD5B852E-EF32-46D4-B735-3F3F98570E93}"
EndProject
Project("{9A19103F-16F7-4668-BE54-9A1E7A4F7556}") = "Persistence", "Persistence\Persistence.csproj", "{A2549151-9F7A-43C6-8517-51D740E26BF2}"
EndProject
Project("{9A19103F-16F7-4668-BE54-9A1E7A4F7556}") = "DomainModels", "DomainModels\DomainModels.csproj", "{265F8DBB-5B16-4B50-B3C7-101776E00336}"
EndProject
Project("{9A19103F-16F7-4668-BE54-9A1E7A4F7556}") = "Tests", "Tests\Tests.csproj", "{EFC16242-9D43-4684-B01C-32204CE7C917}"
EndProject
Project("{2150E333-8FDC-42A3-9474-1A3956D46DE8}") = "Api", "Api", "{6D27183C-E772-4C6D-8456-AE167CDAF1FB}"
EndProject
Project("{2150E333-8FDC-42A3-9474-1A3956D46DE8}") = "Infrastructure", "Infrastructure", "{E88C2479-4635-4E26-8DA9-742D5AD9DED5}"
EndProject
Project("{2150E333-8FDC-42A3-9474-1A3956D46DE8}") = "UnitTests", "UnitTests", "{6A9558C1-F315-4DFF-8CD6-C23635D2F79A}"
EndProject
Project("{2150E333-8FDC-42A3-9474-1A3956D46DE8}") = "UserInterface", "UserInterface", "{248960A7-53FD-4CDF-8D33-D5E23659701D}"
EndProject
Project("{2150E333-8FDC-42A3-9474-1A3956D46DE8}") = "Configuration", "Configuration", "{25E8869E-FB40-486B-A663-EF8733B7C735}"
EndProject
Project("{9A19103F-16F7-4668-BE54-9A1E7A4F7556}") = "ConfigurationDataProvider", "ConfigurationDataProviderService\ConfigurationDataProvider.csproj", "{67A75A0A-36D2-4630-BE8D-7C13919A50E8}"
EndProject
Project("{2150E333-8FDC-42A3-9474-1A3956D46DE8}") = "Services", "Services", "{71C77B7E-6839-41EE-8D90-55F14F3558CE}"
EndProject
Project("{FAE04EC0-301F-11D3-BF4B-00C04F79EFBC}") = "BooksService", "BooksService\BooksService.csproj", "{26C0D7F0-CE56-471A-828B-9C3A1694A1B1}"
EndProject
Global
	GlobalSection(SolutionConfigurationPlatforms) = preSolution
		Debug|Any CPU = Debug|Any CPU
		Release|Any CPU = Release|Any CPU
	EndGlobalSection
	GlobalSection(ProjectConfigurationPlatforms) = postSolution
		{BD5B852E-EF32-46D4-B735-3F3F98570E93}.Debug|Any CPU.ActiveCfg = Debug|Any CPU
		{BD5B852E-EF32-46D4-B735-3F3F98570E93}.Debug|Any CPU.Build.0 = Debug|Any CPU
		{BD5B852E-EF32-46D4-B735-3F3F98570E93}.Release|Any CPU.ActiveCfg = Release|Any CPU
		{BD5B852E-EF32-46D4-B735-3F3F98570E93}.Release|Any CPU.Build.0 = Release|Any CPU
		{A2549151-9F7A-43C6-8517-51D740E26BF2}.Debug|Any CPU.ActiveCfg = Debug|Any CPU
		{A2549151-9F7A-43C6-8517-51D740E26BF2}.Debug|Any CPU.Build.0 = Debug|Any CPU
		{A2549151-9F7A-43C6-8517-51D740E26BF2}.Release|Any CPU.ActiveCfg = Release|Any CPU
		{A2549151-9F7A-43C6-8517-51D740E26BF2}.Release|Any CPU.Build.0 = Release|Any CPU
		{265F8DBB-5B16-4B50-B3C7-101776E00336}.Debug|Any CPU.ActiveCfg = Debug|Any CPU
		{265F8DBB-5B16-4B50-B3C7-101776E00336}.Debug|Any CPU.Build.0 = Debug|Any CPU
		{265F8DBB-5B16-4B50-B3C7-101776E00336}.Release|Any CPU.ActiveCfg = Release|Any CPU
		{265F8DBB-5B16-4B50-B3C7-101776E00336}.Release|Any CPU.Build.0 = Release|Any CPU
		{EFC16242-9D43-4684-B01C-32204CE7C917}.Debug|Any CPU.ActiveCfg = Debug|Any CPU
		{EFC16242-9D43-4684-B01C-32204CE7C917}.Debug|Any CPU.Build.0 = Debug|Any CPU
		{EFC16242-9D43-4684-B01C-32204CE7C917}.Release|Any CPU.ActiveCfg = Release|Any CPU
		{EFC16242-9D43-4684-B01C-32204CE7C917}.Release|Any CPU.Build.0 = Release|Any CPU
		{67A75A0A-36D2-4630-BE8D-7C13919A50E8}.Debug|Any CPU.ActiveCfg = Debug|Any CPU
		{67A75A0A-36D2-4630-BE8D-7C13919A50E8}.Debug|Any CPU.Build.0 = Debug|Any CPU
		{67A75A0A-36D2-4630-BE8D-7C13919A50E8}.Release|Any CPU.ActiveCfg = Release|Any CPU
		{67A75A0A-36D2-4630-BE8D-7C13919A50E8}.Release|Any CPU.Build.0 = Release|Any CPU
		{26C0D7F0-CE56-471A-828B-9C3A1694A1B1}.Debug|Any CPU.ActiveCfg = Debug|Any CPU
		{26C0D7F0-CE56-471A-828B-9C3A1694A1B1}.Debug|Any CPU.Build.0 = Debug|Any CPU
		{26C0D7F0-CE56-471A-828B-9C3A1694A1B1}.Release|Any CPU.ActiveCfg = Release|Any CPU
		{26C0D7F0-CE56-471A-828B-9C3A1694A1B1}.Release|Any CPU.Build.0 = Release|Any CPU
	EndGlobalSection
	GlobalSection(SolutionProperties) = preSolution
		HideSolutionNode = FALSE
	EndGlobalSection
	GlobalSection(NestedProjects) = preSolution
		{BD5B852E-EF32-46D4-B735-3F3F98570E93} = {6D27183C-E772-4C6D-8456-AE167CDAF1FB}
		{A2549151-9F7A-43C6-8517-51D740E26BF2} = {E88C2479-4635-4E26-8DA9-742D5AD9DED5}
		{265F8DBB-5B16-4B50-B3C7-101776E00336} = {E88C2479-4635-4E26-8DA9-742D5AD9DED5}
		{EFC16242-9D43-4684-B01C-32204CE7C917} = {6A9558C1-F315-4DFF-8CD6-C23635D2F79A}
		{67A75A0A-36D2-4630-BE8D-7C13919A50E8} = {25E8869E-FB40-486B-A663-EF8733B7C735}
		{26C0D7F0-CE56-471A-828B-9C3A1694A1B1} = {71C77B7E-6839-41EE-8D90-55F14F3558CE}
	EndGlobalSection
	GlobalSection(ExtensibilityGlobals) = postSolution
		SolutionGuid = {D45D83B6-D5B9-4C36-A53E-0C20788F2751}
	EndGlobalSection
EndGlobal
